
Microsoft Visual Studio Solution File, Format Version 12.00
# Visual Studio Version 17
VisualStudioVersion = 17.9.34607.119
MinimumVisualStudioVersion = 10.0.40219.1
Project("{FAE04EC0-301F-11D3-BF4B-00C04F79EFBC}") = "KoleksiyonlarlaIlgiliAlgoritmaSorulari-1", "KoleksiyonlarlaIlgiliAlgoritmaSorulari-1.csproj", "{ACA4A620-3956-4314-80CD-31C2DB434D3C}"
EndProject
Global
	GlobalSection(SolutionConfigurationPlatforms) = preSolution
		Debug|Any CPU = Debug|Any CPU
		Release|Any CPU = Release|Any CPU
	EndGlobalSection
	GlobalSection(ProjectConfigurationPlatforms) = postSolution
		{ACA4A620-3956-4314-80CD-31C2DB434D3C}.Debug|Any CPU.ActiveCfg = Debug|Any CPU
		{ACA4A620-3956-4314-80CD-31C2DB434D3C}.Debug|Any CPU.Build.0 = Debug|Any CPU
		{ACA4A620-3956-4314-80CD-31C2DB434D3C}.Release|Any CPU.ActiveCfg = Release|Any CPU
		{ACA4A620-3956-4314-80CD-31C2DB434D3C}.Release|Any CPU.Build.0 = Release|Any CPU
	EndGlobalSection
	GlobalSection(SolutionProperties) = preSolution
		HideSolutionNode = FALSE
	EndGlobalSection
	GlobalSection(ExtensibilityGlobals) = postSolution
		SolutionGuid = {1C50D454-0F8D-4E24-A805-1C2022569111}
	EndGlobalSection
EndGlobal
